{
   "name": "ts",
   "version": "1.0.0",
   "lockfileVersion": 2,
   "requires": true,
   "packages": {
      "": {
         "name": "ts",
         "version": "1.0.0",
         "license": "ISC",
         "dependencies": {
            "fs": "^0.0.1-security"
         },
         "devDependencies": {
            "@types/node": "^18.15.5",
            "uglify-js": "^3.17.4"
         }
      },
      "node_modules/@types/node": {
         "version": "18.15.5",
         "resolved": "https://registry.npmjs.org/@types/node/-/node-18.15.5.tgz",
         "integrity": "sha512-Ark2WDjjZO7GmvsyFFf81MXuGTA/d6oP38anyxWOL6EREyBKAxKoFHwBhaZxCfLRLpO8JgVXwqOwSwa7jRcjew==",
         "dev": true
      },
      "node_modules/fs": {
         "version": "0.0.1-security",
         "resolved": "https://registry.npmjs.org/fs/-/fs-0.0.1-security.tgz",
         "integrity": "sha512-3XY9e1pP0CVEUCdj5BmfIZxRBTSDycnbqhIOGec9QYtmVH2fbLpj86CFWkrNOkt/Fvty4KZG5lTglL9j/gJ87w=="
      },
      "node_modules/uglify-js": {
         "version": "3.17.4",
         "resolved": "https://registry.npmjs.org/uglify-js/-/uglify-js-3.17.4.tgz",
         "integrity": "sha512-T9q82TJI9e/C1TAxYvfb16xO120tMVFZrGA3f9/P4424DNu6ypK103y0GPFVa17yotwSyZW5iYXgjYHkGrJW/g==",
         "dev": true,
         "bin": {
            "uglifyjs": "bin/uglifyjs"
         },
         "engines": {
            "node": ">=0.8.0"
         }
      }
   },
   "dependencies": {
      "@types/node": {
         "version": "18.15.5",
         "resolved": "https://registry.npmjs.org/@types/node/-/node-18.15.5.tgz",
         "integrity": "sha512-Ark2WDjjZO7GmvsyFFf81MXuGTA/d6oP38anyxWOL6EREyBKAxKoFHwBhaZxCfLRLpO8JgVXwqOwSwa7jRcjew==",
         "dev": true
      },
      "fs": {
         "version": "0.0.1-security",
         "resolved": "https://registry.npmjs.org/fs/-/fs-0.0.1-security.tgz",
         "integrity": "sha512-3XY9e1pP0CVEUCdj5BmfIZxRBTSDycnbqhIOGec9QYtmVH2fbLpj86CFWkrNOkt/Fvty4KZG5lTglL9j/gJ87w=="
      },
      "uglify-js": {
         "version": "3.17.4",
         "resolved": "https://registry.npmjs.org/uglify-js/-/uglify-js-3.17.4.tgz",
         "integrity": "sha512-T9q82TJI9e/C1TAxYvfb16xO120tMVFZrGA3f9/P4424DNu6ypK103y0GPFVa17yotwSyZW5iYXgjYHkGrJW/g==",
         "dev": true
      }
   }
}
